
Microsoft Visual Studio Solution File, Format Version 12.00
# Visual Studio Version 17
VisualStudioVersion = 17.2.32630.192
MinimumVisualStudioVersion = 10.0.40219.1
Project("{FAE04EC0-301F-11D3-BF4B-00C04F79EFBC}") = "LibrarieDemo", "LibrarieDemo\LibrarieDemo.csproj", "{BF921C25-2ABE-4840-9B2C-449F76380FCA}"
EndProject
Global
	GlobalSection(SolutionConfigurationPlatforms) = preSolution
		Debug|Any CPU = Debug|Any CPU
		Release|Any CPU = Release|Any CPU
	EndGlobalSection
	GlobalSection(ProjectConfigurationPlatforms) = postSolution
		{BF921C25-2ABE-4840-9B2C-449F76380FCA}.Debug|Any CPU.ActiveCfg = Debug|Any CPU
		{BF921C25-2ABE-4840-9B2C-449F76380FCA}.Debug|Any CPU.Build.0 = Debug|Any CPU
		{BF921C25-2ABE-4840-9B2C-449F76380FCA}.Release|Any CPU.ActiveCfg = Release|Any CPU
		{BF921C25-2ABE-4840-9B2C-449F76380FCA}.Release|Any CPU.Build.0 = Release|Any CPU
	EndGlobalSection
	GlobalSection(SolutionProperties) = preSolution
		HideSolutionNode = FALSE
	EndGlobalSection
	GlobalSection(ExtensibilityGlobals) = postSolution
		SolutionGuid = {EA93114D-ACFD-4C92-A7B6-9987CD452F6C}
	EndGlobalSection
EndGlobal
